// !$*UTF8*$!
{
	archiveVersion = 1;
	classes = {
	};
	objectVersion = 56;
	objects = {

/* Begin PBXBuildFile section */
		7288D16429D04D8900027F7A /* SwiftUITemplateApp.swift in Sources */ = {isa = PBXBuildFile; fileRef = 7288D16329D04D8900027F7A /* SwiftUITemplateApp.swift */; };
		7288D16629D04D8900027F7A /* ContentView.swift in Sources */ = {isa = PBXBuildFile; fileRef = 7288D16529D04D8900027F7A /* ContentView.swift */; };
		7288D16829D04D8A00027F7A /* Assets.xcassets in Resources */ = {isa = PBXBuildFile; fileRef = 7288D16729D04D8A00027F7A /* Assets.xcassets */; };
		7288D16B29D04D8A00027F7A /* Preview Assets.xcassets in Resources */ = {isa = PBXBuildFile; fileRef = 7288D16A29D04D8A00027F7A /* Preview Assets.xcassets */; };
		7288D19929D04DF500027F7A /* DancingScript-Medium.ttf in Resources */ = {isa = PBXBuildFile; fileRef = 7288D17529D04DF500027F7A /* DancingScript-Medium.ttf */; };
		7288D19A29D04DF500027F7A /* DancingScript-Regular.ttf in Resources */ = {isa = PBXBuildFile; fileRef = 7288D17629D04DF500027F7A /* DancingScript-Regular.ttf */; };
		7288D19B29D04DF500027F7A /* DancingScript-SemiBold.ttf in Resources */ = {isa = PBXBuildFile; fileRef = 7288D17729D04DF500027F7A /* DancingScript-SemiBold.ttf */; };
		7288D1A029D04DF500027F7A /* NewYorkExtraLarge-Semibold.otf in Resources */ = {isa = PBXBuildFile; fileRef = 7288D17D29D04DF500027F7A /* NewYorkExtraLarge-Semibold.otf */; };
		7288D1A529D04DF500027F7A /* NewYorkExtraLarge-SemiboldItalic.otf in Resources */ = {isa = PBXBuildFile; fileRef = 7288D18229D04DF500027F7A /* NewYorkExtraLarge-SemiboldItalic.otf */; };
		7288D1A929D04DF500027F7A /* Barlow-SemiBoldItalic.ttf in Resources */ = {isa = PBXBuildFile; fileRef = 7288D18729D04DF500027F7A /* Barlow-SemiBoldItalic.ttf */; };
		7288D1AA29D04DF500027F7A /* Barlow-BoldItalic.ttf in Resources */ = {isa = PBXBuildFile; fileRef = 7288D18829D04DF500027F7A /* Barlow-BoldItalic.ttf */; };
		7288D1AB29D04DF500027F7A /* Barlow-ExtraLight.ttf in Resources */ = {isa = PBXBuildFile; fileRef = 7288D18929D04DF500027F7A /* Barlow-ExtraLight.ttf */; };
		7288D1AC29D04DF500027F7A /* Barlow-ThinItalic.ttf in Resources */ = {isa = PBXBuildFile; fileRef = 7288D18A29D04DF500027F7A /* Barlow-ThinItalic.ttf */; };
		7288D1AD29D04DF500027F7A /* Barlow-MediumItalic.ttf in Resources */ = {isa = PBXBuildFile; fileRef = 7288D18B29D04DF500027F7A /* Barlow-MediumItalic.ttf */; };
		7288D1AE29D04DF500027F7A /* Barlow-Italic.ttf in Resources */ = {isa = PBXBuildFile; fileRef = 7288D18C29D04DF500027F7A /* Barlow-Italic.ttf */; };
		7288D1AF29D04DF500027F7A /* Barlow-ExtraLightItalic.ttf in Resources */ = {isa = PBXBuildFile; fileRef = 7288D18D29D04DF500027F7A /* Barlow-ExtraLightItalic.ttf */; };
		7288D1B129D04DF500027F7A /* Barlow-Thin.ttf in Resources */ = {isa = PBXBuildFile; fileRef = 7288D18F29D04DF500027F7A /* Barlow-Thin.ttf */; };
		7288D1B429D04DF500027F7A /* Barlow-Bold.ttf in Resources */ = {isa = PBXBuildFile; fileRef = 7288D19229D04DF500027F7A /* Barlow-Bold.ttf */; };
		7288D1B529D04DF500027F7A /* Barlow-Medium.ttf in Resources */ = {isa = PBXBuildFile; fileRef = 7288D19329D04DF500027F7A /* Barlow-Medium.ttf */; };
		7288D1B629D04DF500027F7A /* Barlow-Regular.ttf in Resources */ = {isa = PBXBuildFile; fileRef = 7288D19429D04DF500027F7A /* Barlow-Regular.ttf */; };
		7288D1B829D04DF500027F7A /* Barlow-SemiBold.ttf in Resources */ = {isa = PBXBuildFile; fileRef = 7288D19629D04DF500027F7A /* Barlow-SemiBold.ttf */; };
		7288D1BB29D04E2000027F7A /* CustomFont.swift in Sources */ = {isa = PBXBuildFile; fileRef = 7288D1BA29D04E2000027F7A /* CustomFont.swift */; };
		7288D1BE29D088E000027F7A /* NewYorkExtraLarge-Bold.otf in Resources */ = {isa = PBXBuildFile; fileRef = 7288D1BC29D088E000027F7A /* NewYorkExtraLarge-Bold.otf */; };
		7288D1BF29D088E000027F7A /* NewYorkExtraLarge-BoldItalic.otf in Resources */ = {isa = PBXBuildFile; fileRef = 7288D1BD29D088E000027F7A /* NewYorkExtraLarge-BoldItalic.otf */; };
/* End PBXBuildFile section */

/* Begin PBXFileReference section */
		7288D16029D04D8900027F7A /* SwiftUITemplate.app */ = {isa = PBXFileReference; explicitFileType = wrapper.application; includeInIndex = 0; path = SwiftUITemplate.app; sourceTree = BUILT_PRODUCTS_DIR; };
		7288D16329D04D8900027F7A /* SwiftUITemplateApp.swift */ = {isa = PBXFileReference; lastKnownFileType = sourcecode.swift; path = SwiftUITemplateApp.swift; sourceTree = "<group>"; };
		7288D16529D04D8900027F7A /* ContentView.swift */ = {isa = PBXFileReference; lastKnownFileType = sourcecode.swift; path = ContentView.swift; sourceTree = "<group>"; };
		7288D16729D04D8A00027F7A /* Assets.xcassets */ = {isa = PBXFileReference; lastKnownFileType = folder.assetcatalog; path = Assets.xcassets; sourceTree = "<group>"; };
		7288D16A29D04D8A00027F7A /* Preview Assets.xcassets */ = {isa = PBXFileReference; lastKnownFileType = folder.assetcatalog; path = "Preview Assets.xcassets"; sourceTree = "<group>"; };
		7288D17129D04DA700027F7A /* Info.plist */ = {isa = PBXFileReference; lastKnownFileType = text.plist; path = Info.plist; sourceTree = "<group>"; };
		7288D17529D04DF500027F7A /* DancingScript-Medium.ttf */ = {isa = PBXFileReference; lastKnownFileType = file; path = "DancingScript-Medium.ttf"; sourceTree = "<group>"; };
		7288D17629D04DF500027F7A /* DancingScript-Regular.ttf */ = {isa = PBXFileReference; lastKnownFileType = file; path = "DancingScript-Regular.ttf"; sourceTree = "<group>"; };
		7288D17729D04DF500027F7A /* DancingScript-SemiBold.ttf */ = {isa = PBXFileReference; lastKnownFileType = file; path = "DancingScript-SemiBold.ttf"; sourceTree = "<group>"; };
		7288D17D29D04DF500027F7A /* NewYorkExtraLarge-Semibold.otf */ = {isa = PBXFileReference; lastKnownFileType = file; path = "NewYorkExtraLarge-Semibold.otf"; sourceTree = "<group>"; };
		7288D18229D04DF500027F7A /* NewYorkExtraLarge-SemiboldItalic.otf */ = {isa = PBXFileReference; lastKnownFileType = file; path = "NewYorkExtraLarge-SemiboldItalic.otf"; sourceTree = "<group>"; };
		7288D18729D04DF500027F7A /* Barlow-SemiBoldItalic.ttf */ = {isa = PBXFileReference; lastKnownFileType = file; path = "Barlow-SemiBoldItalic.ttf"; sourceTree = "<group>"; };
		7288D18829D04DF500027F7A /* Barlow-BoldItalic.ttf */ = {isa = PBXFileReference; lastKnownFileType = file; path = "Barlow-BoldItalic.ttf"; sourceTree = "<group>"; };
		7288D18929D04DF500027F7A /* Barlow-ExtraLight.ttf */ = {isa = PBXFileReference; lastKnownFileType = file; path = "Barlow-ExtraLight.ttf"; sourceTree = "<group>"; };
		7288D18A29D04DF500027F7A /* Barlow-ThinItalic.ttf */ = {isa = PBXFileReference; lastKnownFileType = file; path = "Barlow-ThinItalic.ttf"; sourceTree = "<group>"; };
		7288D18B29D04DF500027F7A /* Barlow-MediumItalic.ttf */ = {isa = PBXFileReference; lastKnownFileType = file; path = "Barlow-MediumItalic.ttf"; sourceTree = "<group>"; };
		7288D18C29D04DF500027F7A /* Barlow-Italic.ttf */ = {isa = PBXFileReference; lastKnownFileType = file; path = "Barlow-Italic.ttf"; sourceTree = "<group>"; };
		7288D18D29D04DF500027F7A /* Barlow-ExtraLightItalic.ttf */ = {isa = PBXFileReference; lastKnownFileType = file; path = "Barlow-ExtraLightItalic.ttf"; sourceTree = "<group>"; };
		7288D18F29D04DF500027F7A /* Barlow-Thin.ttf */ = {isa = PBXFileReference; lastKnownFileType = file; path = "Barlow-Thin.ttf"; sourceTree = "<group>"; };
		7288D19229D04DF500027F7A /* Barlow-Bold.ttf */ = {isa = PBXFileReference; lastKnownFileType = file; path = "Barlow-Bold.ttf"; sourceTree = "<group>"; };
		7288D19329D04DF500027F7A /* Barlow-Medium.ttf */ = {isa = PBXFileReference; lastKnownFileType = file; path = "Barlow-Medium.ttf"; sourceTree = "<group>"; };
		7288D19429D04DF500027F7A /* Barlow-Regular.ttf */ = {isa = PBXFileReference; lastKnownFileType = file; path = "Barlow-Regular.ttf"; sourceTree = "<group>"; };
		7288D19629D04DF500027F7A /* Barlow-SemiBold.ttf */ = {isa = PBXFileReference; lastKnownFileType = file; path = "Barlow-SemiBold.ttf"; sourceTree = "<group>"; };
		7288D1BA29D04E2000027F7A /* CustomFont.swift */ = {isa = PBXFileReference; lastKnownFileType = sourcecode.swift; path = CustomFont.swift; sourceTree = "<group>"; };
		7288D1BC29D088E000027F7A /* NewYorkExtraLarge-Bold.otf */ = {isa = PBXFileReference; lastKnownFileType = file; path = "NewYorkExtraLarge-Bold.otf"; sourceTree = "<group>"; };
		7288D1BD29D088E000027F7A /* NewYorkExtraLarge-BoldItalic.otf */ = {isa = PBXFileReference; lastKnownFileType = file; path = "NewYorkExtraLarge-BoldItalic.otf"; sourceTree = "<group>"; };
/* End PBXFileReference section */

/* Begin PBXFrameworksBuildPhase section */
		7288D15D29D04D8900027F7A /* Frameworks */ = {
			isa = PBXFrameworksBuildPhase;
			buildActionMask = 2147483647;
			files = (
			);
			runOnlyForDeploymentPostprocessing = 0;
		};
/* End PBXFrameworksBuildPhase section */

/* Begin PBXGroup section */
		7288D15729D04D8900027F7A = {
			isa = PBXGroup;
			children = (
				7288D16229D04D8900027F7A /* SwiftUITemplate */,
				7288D16129D04D8900027F7A /* Products */,
			);
			sourceTree = "<group>";
		};
		7288D16129D04D8900027F7A /* Products */ = {
			isa = PBXGroup;
			children = (
				7288D16029D04D8900027F7A /* SwiftUITemplate.app */,
			);
			name = Products;
			sourceTree = "<group>";
		};
		7288D16229D04D8900027F7A /* SwiftUITemplate */ = {
			isa = PBXGroup;
			children = (
				7288D17129D04DA700027F7A /* Info.plist */,
				7288D16329D04D8900027F7A /* SwiftUITemplateApp.swift */,
				7288D16529D04D8900027F7A /* ContentView.swift */,
				7288D1BA29D04E2000027F7A /* CustomFont.swift */,
				7288D16729D04D8A00027F7A /* Assets.xcassets */,
				7288D17229D04DF500027F7A /* Fonts */,
				7288D16929D04D8A00027F7A /* Preview Content */,
			);
			path = SwiftUITemplate;
			sourceTree = "<group>";
		};
		7288D16929D04D8A00027F7A /* Preview Content */ = {
			isa = PBXGroup;
			children = (
				7288D16A29D04D8A00027F7A /* Preview Assets.xcassets */,
			);
			path = "Preview Content";
			sourceTree = "<group>";
		};
		7288D17229D04DF500027F7A /* Fonts */ = {
			isa = PBXGroup;
			children = (
				7288D17329D04DF500027F7A /* DancingScript */,
				7288D17829D04DF500027F7A /* NewYorkExtraLarge */,
				7288D18529D04DF500027F7A /* Barlow */,
			);
			path = Fonts;
			sourceTree = "<group>";
		};
		7288D17329D04DF500027F7A /* DancingScript */ = {
			isa = PBXGroup;
			children = (
				7288D17529D04DF500027F7A /* DancingScript-Medium.ttf */,
				7288D17629D04DF500027F7A /* DancingScript-Regular.ttf */,
				7288D17729D04DF500027F7A /* DancingScript-SemiBold.ttf */,
			);
			path = DancingScript;
			sourceTree = "<group>";
		};
		7288D17829D04DF500027F7A /* NewYorkExtraLarge */ = {
			isa = PBXGroup;
			children = (
				7288D17D29D04DF500027F7A /* NewYorkExtraLarge-Semibold.otf */,
				7288D1BC29D088E000027F7A /* NewYorkExtraLarge-Bold.otf */,
				7288D1BD29D088E000027F7A /* NewYorkExtraLarge-BoldItalic.otf */,
				7288D18229D04DF500027F7A /* NewYorkExtraLarge-SemiboldItalic.otf */,
			);
			path = NewYorkExtraLarge;
			sourceTree = "<group>";
		};
		7288D18529D04DF500027F7A /* Barlow */ = {
			isa = PBXGroup;
			children = (
				7288D18729D04DF500027F7A /* Barlow-SemiBoldItalic.ttf */,
				7288D18829D04DF500027F7A /* Barlow-BoldItalic.ttf */,
				7288D18929D04DF500027F7A /* Barlow-ExtraLight.ttf */,
				7288D18A29D04DF500027F7A /* Barlow-ThinItalic.ttf */,
				7288D18B29D04DF500027F7A /* Barlow-MediumItalic.ttf */,
				7288D18C29D04DF500027F7A /* Barlow-Italic.ttf */,
				7288D18D29D04DF500027F7A /* Barlow-ExtraLightItalic.ttf */,
				7288D18F29D04DF500027F7A /* Barlow-Thin.ttf */,
				7288D19229D04DF500027F7A /* Barlow-Bold.ttf */,
				7288D19329D04DF500027F7A /* Barlow-Medium.ttf */,
				7288D19429D04DF500027F7A /* Barlow-Regular.ttf */,
				7288D19629D04DF500027F7A /* Barlow-SemiBold.ttf */,
			);
			path = Barlow;
			sourceTree = "<group>";
		};
/* End PBXGroup section */

/* Begin PBXNativeTarget section */
		7288D15F29D04D8900027F7A /* SwiftUITemplate */ = {
			isa = PBXNativeTarget;
			buildConfigurationList = 7288D16E29D04D8A00027F7A /* Build configuration list for PBXNativeTarget "SwiftUITemplate" */;
			buildPhases = (
				7288D15C29D04D8900027F7A /* Sources */,
				7288D15D29D04D8900027F7A /* Frameworks */,
				7288D15E29D04D8900027F7A /* Resources */,
			);
			buildRules = (
			);
			dependencies = (
			);
			name = SwiftUITemplate;
			productName = SwiftUITemplate;
			productReference = 7288D16029D04D8900027F7A /* SwiftUITemplate.app */;
			productType = "com.apple.product-type.application";
		};
/* End PBXNativeTarget section */

/* Begin PBXProject section */
		7288D15829D04D8900027F7A /* Project object */ = {
			isa = PBXProject;
			attributes = {
				BuildIndependentTargetsInParallel = 1;
				LastSwiftUpdateCheck = 1420;
				LastUpgradeCheck = 1420;
				TargetAttributes = {
					7288D15F29D04D8900027F7A = {
						CreatedOnToolsVersion = 14.2;
					};
				};
			};
			buildConfigurationList = 7288D15B29D04D8900027F7A /* Build configuration list for PBXProject "SwiftUITemplate" */;
			compatibilityVersion = "Xcode 14.0";
			developmentRegion = en;
			hasScannedForEncodings = 0;
			knownRegions = (
				en,
				Base,
			);
			mainGroup = 7288D15729D04D8900027F7A;
			productRefGroup = 7288D16129D04D8900027F7A /* Products */;
			projectDirPath = "";
			projectRoot = "";
			targets = (
				7288D15F29D04D8900027F7A /* SwiftUITemplate */,
			);
		};
/* End PBXProject section */

/* Begin PBXResourcesBuildPhase section */
		7288D15E29D04D8900027F7A /* Resources */ = {
			isa = PBXResourcesBuildPhase;
			buildActionMask = 2147483647;
			files = (
				7288D1B529D04DF500027F7A /* Barlow-Medium.ttf in Resources */,
				7288D1B629D04DF500027F7A /* Barlow-Regular.ttf in Resources */,
				7288D1B829D04DF500027F7A /* Barlow-SemiBold.ttf in Resources */,
				7288D1AB29D04DF500027F7A /* Barlow-ExtraLight.ttf in Resources */,
				7288D1B429D04DF500027F7A /* Barlow-Bold.ttf in Resources */,
				7288D1BF29D088E000027F7A /* NewYorkExtraLarge-BoldItalic.otf in Resources */,
				7288D19B29D04DF500027F7A /* DancingScript-SemiBold.ttf in Resources */,
				7288D1A929D04DF500027F7A /* Barlow-SemiBoldItalic.ttf in Resources */,
				7288D1AF29D04DF500027F7A /* Barlow-ExtraLightItalic.ttf in Resources */,
				7288D1AE29D04DF500027F7A /* Barlow-Italic.ttf in Resources */,
				7288D1B129D04DF500027F7A /* Barlow-Thin.ttf in Resources */,
				7288D1BE29D088E000027F7A /* NewYorkExtraLarge-Bold.otf in Resources */,
				7288D1AC29D04DF500027F7A /* Barlow-ThinItalic.ttf in Resources */,
				7288D1AA29D04DF500027F7A /* Barlow-BoldItalic.ttf in Resources */,
				7288D1AD29D04DF500027F7A /* Barlow-MediumItalic.ttf in Resources */,
				7288D16B29D04D8A00027F7A /* Preview Assets.xcassets in Resources */,
				7288D16829D04D8A00027F7A /* Assets.xcassets in Resources */,
				7288D1A529D04DF500027F7A /* NewYorkExtraLarge-SemiboldItalic.otf in Resources */,
				7288D19929D04DF500027F7A /* DancingScript-Medium.ttf in Resources */,
				7288D19A29D04DF500027F7A /* DancingScript-Regular.ttf in Resources */,
				7288D1A029D04DF500027F7A /* NewYorkExtraLarge-Semibold.otf in Resources */,
			);
			runOnlyForDeploymentPostprocessing = 0;
		};
/* End PBXResourcesBuildPhase section */

/* Begin PBXSourcesBuildPhase section */
		7288D15C29D04D8900027F7A /* Sources */ = {
			isa = PBXSourcesBuildPhase;
			buildActionMask = 2147483647;
			files = (
				7288D1BB29D04E2000027F7A /* CustomFont.swift in Sources */,
				7288D16629D04D8900027F7A /* ContentView.swift in Sources */,
				7288D16429D04D8900027F7A /* SwiftUITemplateApp.swift in Sources */,
			);
			runOnlyForDeploymentPostprocessing = 0;
		};
/* End PBXSourcesBuildPhase section */

/* Begin XCBuildConfiguration section */
		7288D16C29D04D8A00027F7A /* Debug */ = {
			isa = XCBuildConfiguration;
			buildSettings = {
				ALWAYS_SEARCH_USER_PATHS = NO;
				CLANG_ANALYZER_NONNULL = YES;
				CLANG_ANALYZER_NUMBER_OBJECT_CONVERSION = YES_AGGRESSIVE;
				CLANG_CXX_LANGUAGE_STANDARD = "gnu++20";
				CLANG_ENABLE_MODULES = YES;
				CLANG_ENABLE_OBJC_ARC = YES;
				CLANG_ENABLE_OBJC_WEAK = YES;
				CLANG_WARN_BLOCK_CAPTURE_AUTORELEASING = YES;
				CLANG_WARN_BOOL_CONVERSION = YES;
				CLANG_WARN_COMMA = YES;
				CLANG_WARN_CONSTANT_CONVERSION = YES;
				CLANG_WARN_DEPRECATED_OBJC_IMPLEMENTATIONS = YES;
				CLANG_WARN_DIRECT_OBJC_ISA_USAGE = YES_ERROR;
				CLANG_WARN_DOCUMENTATION_COMMENTS = YES;
				CLANG_WARN_EMPTY_BODY = YES;
				CLANG_WARN_ENUM_CONVERSION = YES;
				CLANG_WARN_INFINITE_RECURSION = YES;
				CLANG_WARN_INT_CONVERSION = YES;
				CLANG_WARN_NON_LITERAL_NULL_CONVERSION = YES;
				CLANG_WARN_OBJC_IMPLICIT_RETAIN_SELF = YES;
				CLANG_WARN_OBJC_LITERAL_CONVERSION = YES;
				CLANG_WARN_OBJC_ROOT_CLASS = YES_ERROR;
				CLANG_WARN_QUOTED_INCLUDE_IN_FRAMEWORK_HEADER = YES;
				CLANG_WARN_RANGE_LOOP_ANALYSIS = YES;
				CLANG_WARN_STRICT_PROTOTYPES = YES;
				CLANG_WARN_SUSPICIOUS_MOVE = YES;
				CLANG_WARN_UNGUARDED_AVAILABILITY = YES_AGGRESSIVE;
				CLANG_WARN_UNREACHABLE_CODE = YES;
				CLANG_WARN__DUPLICATE_METHOD_MATCH = YES;
				COPY_PHASE_STRIP = NO;
				DEBUG_INFORMATION_FORMAT = dwarf;
				ENABLE_STRICT_OBJC_MSGSEND = YES;
				ENABLE_TESTABILITY = YES;
				GCC_C_LANGUAGE_STANDARD = gnu11;
				GCC_DYNAMIC_NO_PIC = NO;
				GCC_NO_COMMON_BLOCKS = YES;
				GCC_OPTIMIZATION_LEVEL = 0;
				GCC_PREPROCESSOR_DEFINITIONS = (
					"DEBUG=1",
					"$(inherited)",
				);
				GCC_WARN_64_TO_32_BIT_CONVERSION = YES;
				GCC_WARN_ABOUT_RETURN_TYPE = YES_ERROR;
				GCC_WARN_UNDECLARED_SELECTOR = YES;
				GCC_WARN_UNINITIALIZED_AUTOS = YES_AGGRESSIVE;
				GCC_WARN_UNUSED_FUNCTION = YES;
				GCC_WARN_UNUSED_VARIABLE = YES;
				IPHONEOS_DEPLOYMENT_TARGET = 16.2;
				MTL_ENABLE_DEBUG_INFO = INCLUDE_SOURCE;
				MTL_FAST_MATH = YES;
				ONLY_ACTIVE_ARCH = YES;
				SDKROOT = iphoneos;
				SWIFT_ACTIVE_COMPILATION_CONDITIONS = DEBUG;
				SWIFT_OPTIMIZATION_LEVEL = "-Onone";
			};
			name = Debug;
		};
		7288D16D29D04D8A00027F7A /* Release */ = {
			isa = XCBuildConfiguration;
			buildSettings = {
				ALWAYS_SEARCH_USER_PATHS = NO;
				CLANG_ANALYZER_NONNULL = YES;
				CLANG_ANALYZER_NUMBER_OBJECT_CONVERSION = YES_AGGRESSIVE;
				CLANG_CXX_LANGUAGE_STANDARD = "gnu++20";
				CLANG_ENABLE_MODULES = YES;
				CLANG_ENABLE_OBJC_ARC = YES;
				CLANG_ENABLE_OBJC_WEAK = YES;
				CLANG_WARN_BLOCK_CAPTURE_AUTORELEASING = YES;
				CLANG_WARN_BOOL_CONVERSION = YES;
				CLANG_WARN_COMMA = YES;
				CLANG_WARN_CONSTANT_CONVERSION = YES;
				CLANG_WARN_DEPRECATED_OBJC_IMPLEMENTATIONS = YES;
				CLANG_WARN_DIRECT_OBJC_ISA_USAGE = YES_ERROR;
				CLANG_WARN_DOCUMENTATION_COMMENTS = YES;
				CLANG_WARN_EMPTY_BODY = YES;
				CLANG_WARN_ENUM_CONVERSION = YES;
				CLANG_WARN_INFINITE_RECURSION = YES;
				CLANG_WARN_INT_CONVERSION = YES;
				CLANG_WARN_NON_LITERAL_NULL_CONVERSION = YES;
				CLANG_WARN_OBJC_IMPLICIT_RETAIN_SELF = YES;
				CLANG_WARN_OBJC_LITERAL_CONVERSION = YES;
				CLANG_WARN_OBJC_ROOT_CLASS = YES_ERROR;
				CLANG_WARN_QUOTED_INCLUDE_IN_FRAMEWORK_HEADER = YES;
				CLANG_WARN_RANGE_LOOP_ANALYSIS = YES;
				CLANG_WARN_STRICT_PROTOTYPES = YES;
				CLANG_WARN_SUSPICIOUS_MOVE = YES;
				CLANG_WARN_UNGUARDED_AVAILABILITY = YES_AGGRESSIVE;
				CLANG_WARN_UNREACHABLE_CODE = YES;
				CLANG_WARN__DUPLICATE_METHOD_MATCH = YES;
				COPY_PHASE_STRIP = NO;
				DEBUG_INFORMATION_FORMAT = "dwarf-with-dsym";
				ENABLE_NS_ASSERTIONS = NO;
				ENABLE_STRICT_OBJC_MSGSEND = YES;
				GCC_C_LANGUAGE_STANDARD = gnu11;
				GCC_NO_COMMON_BLOCKS = YES;
				GCC_WARN_64_TO_32_BIT_CONVERSION = YES;
				GCC_WARN_ABOUT_RETURN_TYPE = YES_ERROR;
				GCC_WARN_UNDECLARED_SELECTOR = YES;
				GCC_WARN_UNINITIALIZED_AUTOS = YES_AGGRESSIVE;
				GCC_WARN_UNUSED_FUNCTION = YES;
				GCC_WARN_UNUSED_VARIABLE = YES;
				IPHONEOS_DEPLOYMENT_TARGET = 16.2;
				MTL_ENABLE_DEBUG_INFO = NO;
				MTL_FAST_MATH = YES;
				SDKROOT = iphoneos;
				SWIFT_COMPILATION_MODE = wholemodule;
				SWIFT_OPTIMIZATION_LEVEL = "-O";
				VALIDATE_PRODUCT = YES;
			};
			name = Release;
		};
		7288D16F29D04D8A00027F7A /* Debug */ = {
			isa = XCBuildConfiguration;
			buildSettings = {
				ASSETCATALOG_COMPILER_APPICON_NAME = AppIcon;
				ASSETCATALOG_COMPILER_GLOBAL_ACCENT_COLOR_NAME = AccentColor;
				CODE_SIGN_STYLE = Automatic;
				CURRENT_PROJECT_VERSION = 1;
				DEVELOPMENT_ASSET_PATHS = "\"SwiftUITemplate/Preview Content\"";
				DEVELOPMENT_TEAM = 67TNJ4S88P;
				ENABLE_PREVIEWS = YES;
				GENERATE_INFOPLIST_FILE = YES;
				INFOPLIST_FILE = SwiftUITemplate/Info.plist;
				INFOPLIST_KEY_UIApplicationSceneManifest_Generation = YES;
				INFOPLIST_KEY_UIApplicationSupportsIndirectInputEvents = YES;
				INFOPLIST_KEY_UILaunchScreen_Generation = YES;
				INFOPLIST_KEY_UISupportedInterfaceOrientations_iPad = "UIInterfaceOrientationPortrait UIInterfaceOrientationPortraitUpsideDown UIInterfaceOrientationLandscapeLeft UIInterfaceOrientationLandscapeRight";
				INFOPLIST_KEY_UISupportedInterfaceOrientations_iPhone = "UIInterfaceOrientationPortrait UIInterfaceOrientationLandscapeLeft UIInterfaceOrientationLandscapeRight";
				LD_RUNPATH_SEARCH_PATHS = (
					"$(inherited)",
					"@executable_path/Frameworks",
				);
				MARKETING_VERSION = 1.0;
				PRODUCT_BUNDLE_IDENTIFIER = com.vsevolod19860507.SwiftUITemplate;
				PRODUCT_NAME = "$(TARGET_NAME)";
				SWIFT_EMIT_LOC_STRINGS = YES;
				SWIFT_VERSION = 5.0;
				TARGETED_DEVICE_FAMILY = "1,2";
			};
			name = Debug;
		};
		7288D17029D04D8A00027F7A /* Release */ = {
			isa = XCBuildConfiguration;
			buildSettings = {
				ASSETCATALOG_COMPILER_APPICON_NAME = AppIcon;
				ASSETCATALOG_COMPILER_GLOBAL_ACCENT_COLOR_NAME = AccentColor;
				CODE_SIGN_STYLE = Automatic;
				CURRENT_PROJECT_VERSION = 1;
				DEVELOPMENT_ASSET_PATHS = "\"SwiftUITemplate/Preview Content\"";
				DEVELOPMENT_TEAM = 67TNJ4S88P;
				ENABLE_PREVIEWS = YES;
				GENERATE_INFOPLIST_FILE = YES;
				INFOPLIST_FILE = SwiftUITemplate/Info.plist;
				INFOPLIST_KEY_UIApplicationSceneManifest_Generation = YES;
				INFOPLIST_KEY_UIApplicationSupportsIndirectInputEvents = YES;
				INFOPLIST_KEY_UILaunchScreen_Generation = YES;
				INFOPLIST_KEY_UISupportedInterfaceOrientations_iPad = "UIInterfaceOrientationPortrait UIInterfaceOrientationPortraitUpsideDown UIInterfaceOrientationLandscapeLeft UIInterfaceOrientationLandscapeRight";
				INFOPLIST_KEY_UISupportedInterfaceOrientations_iPhone = "UIInterfaceOrientationPortrait UIInterfaceOrientationLandscapeLeft UIInterfaceOrientationLandscapeRight";
				LD_RUNPATH_SEARCH_PATHS = (
					"$(inherited)",
					"@executable_path/Frameworks",
				);
				MARKETING_VERSION = 1.0;
				PRODUCT_BUNDLE_IDENTIFIER = com.vsevolod19860507.SwiftUITemplate;
				PRODUCT_NAME = "$(TARGET_NAME)";
				SWIFT_EMIT_LOC_STRINGS = YES;
				SWIFT_VERSION = 5.0;
				TARGETED_DEVICE_FAMILY = "1,2";
			};
			name = Release;
		};
/* End XCBuildConfiguration section */

/* Begin XCConfigurationList section */
		7288D15B29D04D8900027F7A /* Build configuration list for PBXProject "SwiftUITemplate" */ = {
			isa = XCConfigurationList;
			buildConfigurations = (
				7288D16C29D04D8A00027F7A /* Debug */,
				7288D16D29D04D8A00027F7A /* Release */,
			);
			defaultConfigurationIsVisible = 0;
			defaultConfigurationName = Release;
		};
		7288D16E29D04D8A00027F7A /* Build configuration list for PBXNativeTarget "SwiftUITemplate" */ = {
			isa = XCConfigurationList;
			buildConfigurations = (
				7288D16F29D04D8A00027F7A /* Debug */,
				7288D17029D04D8A00027F7A /* Release */,
			);
			defaultConfigurationIsVisible = 0;
			defaultConfigurationName = Release;
		};
/* End XCConfigurationList section */
	};
	rootObject = 7288D15829D04D8900027F7A /* Project object */;
}
