// !$*UTF8*$!
{
	archiveVersion = 1;
	classes = {
	};
	objectVersion = 56;
	objects = {

/* Begin PBXBuildFile section */
		72603ACC29E313F70078A8A3 /* DancingScript-Bold.ttf in Resources */ = {isa = PBXBuildFile; fileRef = 72603ABD29E313F70078A8A3 /* DancingScript-Bold.ttf */; };
		72603ACD29E313F70078A8A3 /* NewYorkExtraLarge-Bold.otf in Resources */ = {isa = PBXBuildFile; fileRef = 72603ABF29E313F70078A8A3 /* NewYorkExtraLarge-Bold.otf */; };
		72603ACE29E313F70078A8A3 /* NewYorkExtraLarge-Semibold.otf in Resources */ = {isa = PBXBuildFile; fileRef = 72603AC029E313F70078A8A3 /* NewYorkExtraLarge-Semibold.otf */; };
		72603ACF29E313F70078A8A3 /* NewYorkExtraLarge-BoldItalic.otf in Resources */ = {isa = PBXBuildFile; fileRef = 72603AC129E313F70078A8A3 /* NewYorkExtraLarge-BoldItalic.otf */; };
		72603AD029E313F70078A8A3 /* NewYorkExtraLarge-SemiboldItalic.otf in Resources */ = {isa = PBXBuildFile; fileRef = 72603AC229E313F70078A8A3 /* NewYorkExtraLarge-SemiboldItalic.otf */; };
		72603AD129E313F70078A8A3 /* Barlow-ExtraLight.ttf in Resources */ = {isa = PBXBuildFile; fileRef = 72603AC429E313F70078A8A3 /* Barlow-ExtraLight.ttf */; };
		72603AD229E313F70078A8A3 /* Barlow-ThinItalic.ttf in Resources */ = {isa = PBXBuildFile; fileRef = 72603AC529E313F70078A8A3 /* Barlow-ThinItalic.ttf */; };
		72603AD329E313F70078A8A3 /* Barlow-MediumItalic.ttf in Resources */ = {isa = PBXBuildFile; fileRef = 72603AC629E313F70078A8A3 /* Barlow-MediumItalic.ttf */; };
		72603AD429E313F70078A8A3 /* Barlow-Italic.ttf in Resources */ = {isa = PBXBuildFile; fileRef = 72603AC729E313F70078A8A3 /* Barlow-Italic.ttf */; };
		72603AD529E313F70078A8A3 /* Barlow-ExtraLightItalic.ttf in Resources */ = {isa = PBXBuildFile; fileRef = 72603AC829E313F70078A8A3 /* Barlow-ExtraLightItalic.ttf */; };
		72603AD629E313F70078A8A3 /* Barlow-Thin.ttf in Resources */ = {isa = PBXBuildFile; fileRef = 72603AC929E313F70078A8A3 /* Barlow-Thin.ttf */; };
		72603AD729E313F70078A8A3 /* Barlow-Medium.ttf in Resources */ = {isa = PBXBuildFile; fileRef = 72603ACA29E313F70078A8A3 /* Barlow-Medium.ttf */; };
		72603AD829E313F70078A8A3 /* Barlow-Regular.ttf in Resources */ = {isa = PBXBuildFile; fileRef = 72603ACB29E313F70078A8A3 /* Barlow-Regular.ttf */; };
		72F7C63829D8B17F00E2E07E /* CustomFont in Frameworks */ = {isa = PBXBuildFile; productRef = 72F7C63729D8B17F00E2E07E /* CustomFont */; };
		72FA6C9929D81EB800747FEF /* SwiftUITemplateApp.swift in Sources */ = {isa = PBXBuildFile; fileRef = 72FA6C9829D81EB800747FEF /* SwiftUITemplateApp.swift */; };
		72FA6C9B29D81EB800747FEF /* ContentView.swift in Sources */ = {isa = PBXBuildFile; fileRef = 72FA6C9A29D81EB800747FEF /* ContentView.swift */; };
		72FA6C9D29D81EB800747FEF /* Assets.xcassets in Resources */ = {isa = PBXBuildFile; fileRef = 72FA6C9C29D81EB800747FEF /* Assets.xcassets */; };
		72FA6CA029D81EB800747FEF /* Preview Assets.xcassets in Resources */ = {isa = PBXBuildFile; fileRef = 72FA6C9F29D81EB800747FEF /* Preview Assets.xcassets */; };
		72FA6CD629D8599C00747FEF /* Font.swift in Sources */ = {isa = PBXBuildFile; fileRef = 72FA6CD529D8599C00747FEF /* Font.swift */; };
/* End PBXBuildFile section */

/* Begin PBXFileReference section */
		72603ABD29E313F70078A8A3 /* DancingScript-Bold.ttf */ = {isa = PBXFileReference; lastKnownFileType = file; path = "DancingScript-Bold.ttf"; sourceTree = "<group>"; };
		72603ABF29E313F70078A8A3 /* NewYorkExtraLarge-Bold.otf */ = {isa = PBXFileReference; lastKnownFileType = file; path = "NewYorkExtraLarge-Bold.otf"; sourceTree = "<group>"; };
		72603AC029E313F70078A8A3 /* NewYorkExtraLarge-Semibold.otf */ = {isa = PBXFileReference; lastKnownFileType = file; path = "NewYorkExtraLarge-Semibold.otf"; sourceTree = "<group>"; };
		72603AC129E313F70078A8A3 /* NewYorkExtraLarge-BoldItalic.otf */ = {isa = PBXFileReference; lastKnownFileType = file; path = "NewYorkExtraLarge-BoldItalic.otf"; sourceTree = "<group>"; };
		72603AC229E313F70078A8A3 /* NewYorkExtraLarge-SemiboldItalic.otf */ = {isa = PBXFileReference; lastKnownFileType = file; path = "NewYorkExtraLarge-SemiboldItalic.otf"; sourceTree = "<group>"; };
		72603AC429E313F70078A8A3 /* Barlow-ExtraLight.ttf */ = {isa = PBXFileReference; lastKnownFileType = file; path = "Barlow-ExtraLight.ttf"; sourceTree = "<group>"; };
		72603AC529E313F70078A8A3 /* Barlow-ThinItalic.ttf */ = {isa = PBXFileReference; lastKnownFileType = file; path = "Barlow-ThinItalic.ttf"; sourceTree = "<group>"; };
		72603AC629E313F70078A8A3 /* Barlow-MediumItalic.ttf */ = {isa = PBXFileReference; lastKnownFileType = file; path = "Barlow-MediumItalic.ttf"; sourceTree = "<group>"; };
		72603AC729E313F70078A8A3 /* Barlow-Italic.ttf */ = {isa = PBXFileReference; lastKnownFileType = file; path = "Barlow-Italic.ttf"; sourceTree = "<group>"; };
		72603AC829E313F70078A8A3 /* Barlow-ExtraLightItalic.ttf */ = {isa = PBXFileReference; lastKnownFileType = file; path = "Barlow-ExtraLightItalic.ttf"; sourceTree = "<group>"; };
		72603AC929E313F70078A8A3 /* Barlow-Thin.ttf */ = {isa = PBXFileReference; lastKnownFileType = file; path = "Barlow-Thin.ttf"; sourceTree = "<group>"; };
		72603ACA29E313F70078A8A3 /* Barlow-Medium.ttf */ = {isa = PBXFileReference; lastKnownFileType = file; path = "Barlow-Medium.ttf"; sourceTree = "<group>"; };
		72603ACB29E313F70078A8A3 /* Barlow-Regular.ttf */ = {isa = PBXFileReference; lastKnownFileType = file; path = "Barlow-Regular.ttf"; sourceTree = "<group>"; };
		72FA6C9529D81EB800747FEF /* SwiftUITemplate.app */ = {isa = PBXFileReference; explicitFileType = wrapper.application; includeInIndex = 0; path = SwiftUITemplate.app; sourceTree = BUILT_PRODUCTS_DIR; };
		72FA6C9829D81EB800747FEF /* SwiftUITemplateApp.swift */ = {isa = PBXFileReference; lastKnownFileType = sourcecode.swift; path = SwiftUITemplateApp.swift; sourceTree = "<group>"; };
		72FA6C9A29D81EB800747FEF /* ContentView.swift */ = {isa = PBXFileReference; lastKnownFileType = sourcecode.swift; path = ContentView.swift; sourceTree = "<group>"; };
		72FA6C9C29D81EB800747FEF /* Assets.xcassets */ = {isa = PBXFileReference; lastKnownFileType = folder.assetcatalog; path = Assets.xcassets; sourceTree = "<group>"; };
		72FA6C9F29D81EB800747FEF /* Preview Assets.xcassets */ = {isa = PBXFileReference; lastKnownFileType = folder.assetcatalog; path = "Preview Assets.xcassets"; sourceTree = "<group>"; };
		72FA6CD429D81F4300747FEF /* Info.plist */ = {isa = PBXFileReference; lastKnownFileType = text.plist; path = Info.plist; sourceTree = "<group>"; };
		72FA6CD529D8599C00747FEF /* Font.swift */ = {isa = PBXFileReference; lastKnownFileType = sourcecode.swift; path = Font.swift; sourceTree = "<group>"; };
/* End PBXFileReference section */

/* Begin PBXFrameworksBuildPhase section */
		72FA6C9229D81EB800747FEF /* Frameworks */ = {
			isa = PBXFrameworksBuildPhase;
			buildActionMask = 2147483647;
			files = (
				72F7C63829D8B17F00E2E07E /* CustomFont in Frameworks */,
			);
			runOnlyForDeploymentPostprocessing = 0;
		};
/* End PBXFrameworksBuildPhase section */

/* Begin PBXGroup section */
		72603ABB29E313F70078A8A3 /* Fonts */ = {
			isa = PBXGroup;
			children = (
				72603ABC29E313F70078A8A3 /* DancingScript */,
				72603ABE29E313F70078A8A3 /* NewYorkExtraLarge */,
				72603AC329E313F70078A8A3 /* Barlow */,
			);
			path = Fonts;
			sourceTree = "<group>";
		};
		72603ABC29E313F70078A8A3 /* DancingScript */ = {
			isa = PBXGroup;
			children = (
				72603ABD29E313F70078A8A3 /* DancingScript-Bold.ttf */,
			);
			path = DancingScript;
			sourceTree = "<group>";
		};
		72603ABE29E313F70078A8A3 /* NewYorkExtraLarge */ = {
			isa = PBXGroup;
			children = (
				72603ABF29E313F70078A8A3 /* NewYorkExtraLarge-Bold.otf */,
				72603AC029E313F70078A8A3 /* NewYorkExtraLarge-Semibold.otf */,
				72603AC129E313F70078A8A3 /* NewYorkExtraLarge-BoldItalic.otf */,
				72603AC229E313F70078A8A3 /* NewYorkExtraLarge-SemiboldItalic.otf */,
			);
			path = NewYorkExtraLarge;
			sourceTree = "<group>";
		};
		72603AC329E313F70078A8A3 /* Barlow */ = {
			isa = PBXGroup;
			children = (
				72603AC429E313F70078A8A3 /* Barlow-ExtraLight.ttf */,
				72603AC529E313F70078A8A3 /* Barlow-ThinItalic.ttf */,
				72603AC629E313F70078A8A3 /* Barlow-MediumItalic.ttf */,
				72603AC729E313F70078A8A3 /* Barlow-Italic.ttf */,
				72603AC829E313F70078A8A3 /* Barlow-ExtraLightItalic.ttf */,
				72603AC929E313F70078A8A3 /* Barlow-Thin.ttf */,
				72603ACA29E313F70078A8A3 /* Barlow-Medium.ttf */,
				72603ACB29E313F70078A8A3 /* Barlow-Regular.ttf */,
			);
			path = Barlow;
			sourceTree = "<group>";
		};
		72FA6C8C29D81EB800747FEF = {
			isa = PBXGroup;
			children = (
				72FA6C9729D81EB800747FEF /* SwiftUITemplate */,
				72FA6C9629D81EB800747FEF /* Products */,
			);
			sourceTree = "<group>";
		};
		72FA6C9629D81EB800747FEF /* Products */ = {
			isa = PBXGroup;
			children = (
				72FA6C9529D81EB800747FEF /* SwiftUITemplate.app */,
			);
			name = Products;
			sourceTree = "<group>";
		};
		72FA6C9729D81EB800747FEF /* SwiftUITemplate */ = {
			isa = PBXGroup;
			children = (
				72FA6CD429D81F4300747FEF /* Info.plist */,
				72FA6C9829D81EB800747FEF /* SwiftUITemplateApp.swift */,
				72FA6C9A29D81EB800747FEF /* ContentView.swift */,
				72FA6CD529D8599C00747FEF /* Font.swift */,
				72FA6C9C29D81EB800747FEF /* Assets.xcassets */,
				72603ABB29E313F70078A8A3 /* Fonts */,
				72FA6C9E29D81EB800747FEF /* Preview Content */,
			);
			path = SwiftUITemplate;
			sourceTree = "<group>";
		};
		72FA6C9E29D81EB800747FEF /* Preview Content */ = {
			isa = PBXGroup;
			children = (
				72FA6C9F29D81EB800747FEF /* Preview Assets.xcassets */,
			);
			path = "Preview Content";
			sourceTree = "<group>";
		};
/* End PBXGroup section */

/* Begin PBXNativeTarget section */
		72FA6C9429D81EB800747FEF /* SwiftUITemplate */ = {
			isa = PBXNativeTarget;
			buildConfigurationList = 72FA6CA329D81EB800747FEF /* Build configuration list for PBXNativeTarget "SwiftUITemplate" */;
			buildPhases = (
				72FA6C9129D81EB800747FEF /* Sources */,
				72FA6C9229D81EB800747FEF /* Frameworks */,
				72FA6C9329D81EB800747FEF /* Resources */,
			);
			buildRules = (
			);
			dependencies = (
			);
			name = SwiftUITemplate;
			packageProductDependencies = (
				72F7C63729D8B17F00E2E07E /* CustomFont */,
			);
			productName = SwiftUITemplate;
			productReference = 72FA6C9529D81EB800747FEF /* SwiftUITemplate.app */;
			productType = "com.apple.product-type.application";
		};
/* End PBXNativeTarget section */

/* Begin PBXProject section */
		72FA6C8D29D81EB800747FEF /* Project object */ = {
			isa = PBXProject;
			attributes = {
				BuildIndependentTargetsInParallel = 1;
				LastSwiftUpdateCheck = 1430;
				LastUpgradeCheck = 1430;
				TargetAttributes = {
					72FA6C9429D81EB800747FEF = {
						CreatedOnToolsVersion = 14.3;
					};
				};
			};
			buildConfigurationList = 72FA6C9029D81EB800747FEF /* Build configuration list for PBXProject "SwiftUITemplate" */;
			compatibilityVersion = "Xcode 14.0";
			developmentRegion = en;
			hasScannedForEncodings = 0;
			knownRegions = (
				en,
				Base,
			);
			mainGroup = 72FA6C8C29D81EB800747FEF;
			packageReferences = (
				72F7C63629D8B17F00E2E07E /* XCRemoteSwiftPackageReference "CustomFont" */,
			);
			productRefGroup = 72FA6C9629D81EB800747FEF /* Products */;
			projectDirPath = "";
			projectRoot = "";
			targets = (
				72FA6C9429D81EB800747FEF /* SwiftUITemplate */,
			);
		};
/* End PBXProject section */

/* Begin PBXResourcesBuildPhase section */
		72FA6C9329D81EB800747FEF /* Resources */ = {
			isa = PBXResourcesBuildPhase;
			buildActionMask = 2147483647;
			files = (
				72603AD629E313F70078A8A3 /* Barlow-Thin.ttf in Resources */,
				72603AD429E313F70078A8A3 /* Barlow-Italic.ttf in Resources */,
				72603AD729E313F70078A8A3 /* Barlow-Medium.ttf in Resources */,
				72603ACC29E313F70078A8A3 /* DancingScript-Bold.ttf in Resources */,
				72603AD129E313F70078A8A3 /* Barlow-ExtraLight.ttf in Resources */,
				72603ACD29E313F70078A8A3 /* NewYorkExtraLarge-Bold.otf in Resources */,
				72603ACF29E313F70078A8A3 /* NewYorkExtraLarge-BoldItalic.otf in Resources */,
				72603AD829E313F70078A8A3 /* Barlow-Regular.ttf in Resources */,
				72FA6CA029D81EB800747FEF /* Preview Assets.xcassets in Resources */,
				72603AD029E313F70078A8A3 /* NewYorkExtraLarge-SemiboldItalic.otf in Resources */,
				72603ACE29E313F70078A8A3 /* NewYorkExtraLarge-Semibold.otf in Resources */,
				72FA6C9D29D81EB800747FEF /* Assets.xcassets in Resources */,
				72603AD529E313F70078A8A3 /* Barlow-ExtraLightItalic.ttf in Resources */,
				72603AD329E313F70078A8A3 /* Barlow-MediumItalic.ttf in Resources */,
				72603AD229E313F70078A8A3 /* Barlow-ThinItalic.ttf in Resources */,
			);
			runOnlyForDeploymentPostprocessing = 0;
		};
/* End PBXResourcesBuildPhase section */

/* Begin PBXSourcesBuildPhase section */
		72FA6C9129D81EB800747FEF /* Sources */ = {
			isa = PBXSourcesBuildPhase;
			buildActionMask = 2147483647;
			files = (
				72FA6C9B29D81EB800747FEF /* ContentView.swift in Sources */,
				72FA6CD629D8599C00747FEF /* Font.swift in Sources */,
				72FA6C9929D81EB800747FEF /* SwiftUITemplateApp.swift in Sources */,
			);
			runOnlyForDeploymentPostprocessing = 0;
		};
/* End PBXSourcesBuildPhase section */

/* Begin XCBuildConfiguration section */
		72FA6CA129D81EB800747FEF /* Debug */ = {
			isa = XCBuildConfiguration;
			buildSettings = {
				ALWAYS_SEARCH_USER_PATHS = NO;
				CLANG_ANALYZER_NONNULL = YES;
				CLANG_ANALYZER_NUMBER_OBJECT_CONVERSION = YES_AGGRESSIVE;
				CLANG_CXX_LANGUAGE_STANDARD = "gnu++20";
				CLANG_ENABLE_MODULES = YES;
				CLANG_ENABLE_OBJC_ARC = YES;
				CLANG_ENABLE_OBJC_WEAK = YES;
				CLANG_WARN_BLOCK_CAPTURE_AUTORELEASING = YES;
				CLANG_WARN_BOOL_CONVERSION = YES;
				CLANG_WARN_COMMA = YES;
				CLANG_WARN_CONSTANT_CONVERSION = YES;
				CLANG_WARN_DEPRECATED_OBJC_IMPLEMENTATIONS = YES;
				CLANG_WARN_DIRECT_OBJC_ISA_USAGE = YES_ERROR;
				CLANG_WARN_DOCUMENTATION_COMMENTS = YES;
				CLANG_WARN_EMPTY_BODY = YES;
				CLANG_WARN_ENUM_CONVERSION = YES;
				CLANG_WARN_INFINITE_RECURSION = YES;
				CLANG_WARN_INT_CONVERSION = YES;
				CLANG_WARN_NON_LITERAL_NULL_CONVERSION = YES;
				CLANG_WARN_OBJC_IMPLICIT_RETAIN_SELF = YES;
				CLANG_WARN_OBJC_LITERAL_CONVERSION = YES;
				CLANG_WARN_OBJC_ROOT_CLASS = YES_ERROR;
				CLANG_WARN_QUOTED_INCLUDE_IN_FRAMEWORK_HEADER = YES;
				CLANG_WARN_RANGE_LOOP_ANALYSIS = YES;
				CLANG_WARN_STRICT_PROTOTYPES = YES;
				CLANG_WARN_SUSPICIOUS_MOVE = YES;
				CLANG_WARN_UNGUARDED_AVAILABILITY = YES_AGGRESSIVE;
				CLANG_WARN_UNREACHABLE_CODE = YES;
				CLANG_WARN__DUPLICATE_METHOD_MATCH = YES;
				COPY_PHASE_STRIP = NO;
				DEBUG_INFORMATION_FORMAT = dwarf;
				ENABLE_STRICT_OBJC_MSGSEND = YES;
				ENABLE_TESTABILITY = YES;
				GCC_C_LANGUAGE_STANDARD = gnu11;
				GCC_DYNAMIC_NO_PIC = NO;
				GCC_NO_COMMON_BLOCKS = YES;
				GCC_OPTIMIZATION_LEVEL = 0;
				GCC_PREPROCESSOR_DEFINITIONS = (
					"DEBUG=1",
					"$(inherited)",
				);
				GCC_WARN_64_TO_32_BIT_CONVERSION = YES;
				GCC_WARN_ABOUT_RETURN_TYPE = YES_ERROR;
				GCC_WARN_UNDECLARED_SELECTOR = YES;
				GCC_WARN_UNINITIALIZED_AUTOS = YES_AGGRESSIVE;
				GCC_WARN_UNUSED_FUNCTION = YES;
				GCC_WARN_UNUSED_VARIABLE = YES;
				IPHONEOS_DEPLOYMENT_TARGET = 16.4;
				MTL_ENABLE_DEBUG_INFO = INCLUDE_SOURCE;
				MTL_FAST_MATH = YES;
				ONLY_ACTIVE_ARCH = YES;
				SDKROOT = iphoneos;
				SWIFT_ACTIVE_COMPILATION_CONDITIONS = DEBUG;
				SWIFT_OPTIMIZATION_LEVEL = "-Onone";
			};
			name = Debug;
		};
		72FA6CA229D81EB800747FEF /* Release */ = {
			isa = XCBuildConfiguration;
			buildSettings = {
				ALWAYS_SEARCH_USER_PATHS = NO;
				CLANG_ANALYZER_NONNULL = YES;
				CLANG_ANALYZER_NUMBER_OBJECT_CONVERSION = YES_AGGRESSIVE;
				CLANG_CXX_LANGUAGE_STANDARD = "gnu++20";
				CLANG_ENABLE_MODULES = YES;
				CLANG_ENABLE_OBJC_ARC = YES;
				CLANG_ENABLE_OBJC_WEAK = YES;
				CLANG_WARN_BLOCK_CAPTURE_AUTORELEASING = YES;
				CLANG_WARN_BOOL_CONVERSION = YES;
				CLANG_WARN_COMMA = YES;
				CLANG_WARN_CONSTANT_CONVERSION = YES;
				CLANG_WARN_DEPRECATED_OBJC_IMPLEMENTATIONS = YES;
				CLANG_WARN_DIRECT_OBJC_ISA_USAGE = YES_ERROR;
				CLANG_WARN_DOCUMENTATION_COMMENTS = YES;
				CLANG_WARN_EMPTY_BODY = YES;
				CLANG_WARN_ENUM_CONVERSION = YES;
				CLANG_WARN_INFINITE_RECURSION = YES;
				CLANG_WARN_INT_CONVERSION = YES;
				CLANG_WARN_NON_LITERAL_NULL_CONVERSION = YES;
				CLANG_WARN_OBJC_IMPLICIT_RETAIN_SELF = YES;
				CLANG_WARN_OBJC_LITERAL_CONVERSION = YES;
				CLANG_WARN_OBJC_ROOT_CLASS = YES_ERROR;
				CLANG_WARN_QUOTED_INCLUDE_IN_FRAMEWORK_HEADER = YES;
				CLANG_WARN_RANGE_LOOP_ANALYSIS = YES;
				CLANG_WARN_STRICT_PROTOTYPES = YES;
				CLANG_WARN_SUSPICIOUS_MOVE = YES;
				CLANG_WARN_UNGUARDED_AVAILABILITY = YES_AGGRESSIVE;
				CLANG_WARN_UNREACHABLE_CODE = YES;
				CLANG_WARN__DUPLICATE_METHOD_MATCH = YES;
				COPY_PHASE_STRIP = NO;
				DEBUG_INFORMATION_FORMAT = "dwarf-with-dsym";
				ENABLE_NS_ASSERTIONS = NO;
				ENABLE_STRICT_OBJC_MSGSEND = YES;
				GCC_C_LANGUAGE_STANDARD = gnu11;
				GCC_NO_COMMON_BLOCKS = YES;
				GCC_WARN_64_TO_32_BIT_CONVERSION = YES;
				GCC_WARN_ABOUT_RETURN_TYPE = YES_ERROR;
				GCC_WARN_UNDECLARED_SELECTOR = YES;
				GCC_WARN_UNINITIALIZED_AUTOS = YES_AGGRESSIVE;
				GCC_WARN_UNUSED_FUNCTION = YES;
				GCC_WARN_UNUSED_VARIABLE = YES;
				IPHONEOS_DEPLOYMENT_TARGET = 16.4;
				MTL_ENABLE_DEBUG_INFO = NO;
				MTL_FAST_MATH = YES;
				SDKROOT = iphoneos;
				SWIFT_COMPILATION_MODE = wholemodule;
				SWIFT_OPTIMIZATION_LEVEL = "-O";
				VALIDATE_PRODUCT = YES;
			};
			name = Release;
		};
		72FA6CA429D81EB800747FEF /* Debug */ = {
			isa = XCBuildConfiguration;
			buildSettings = {
				ASSETCATALOG_COMPILER_APPICON_NAME = AppIcon;
				ASSETCATALOG_COMPILER_GLOBAL_ACCENT_COLOR_NAME = AccentColor;
				CODE_SIGN_STYLE = Automatic;
				CURRENT_PROJECT_VERSION = 1;
				DEVELOPMENT_ASSET_PATHS = "\"SwiftUITemplate/Preview Content\"";
				DEVELOPMENT_TEAM = 67TNJ4S88P;
				ENABLE_PREVIEWS = YES;
				GENERATE_INFOPLIST_FILE = YES;
				INFOPLIST_FILE = SwiftUITemplate/Info.plist;
				INFOPLIST_KEY_UIApplicationSceneManifest_Generation = YES;
				INFOPLIST_KEY_UIApplicationSupportsIndirectInputEvents = YES;
				INFOPLIST_KEY_UILaunchScreen_Generation = YES;
				INFOPLIST_KEY_UISupportedInterfaceOrientations_iPad = "UIInterfaceOrientationPortrait UIInterfaceOrientationPortraitUpsideDown UIInterfaceOrientationLandscapeLeft UIInterfaceOrientationLandscapeRight";
				INFOPLIST_KEY_UISupportedInterfaceOrientations_iPhone = "UIInterfaceOrientationPortrait UIInterfaceOrientationLandscapeLeft UIInterfaceOrientationLandscapeRight";
				LD_RUNPATH_SEARCH_PATHS = (
					"$(inherited)",
					"@executable_path/Frameworks",
				);
				MARKETING_VERSION = 1.0;
				PRODUCT_BUNDLE_IDENTIFIER = com.vsevolod19860507.SwiftUITemplate;
				PRODUCT_NAME = "$(TARGET_NAME)";
				SWIFT_EMIT_LOC_STRINGS = YES;
				SWIFT_VERSION = 5.0;
				TARGETED_DEVICE_FAMILY = "1,2";
			};
			name = Debug;
		};
		72FA6CA529D81EB800747FEF /* Release */ = {
			isa = XCBuildConfiguration;
			buildSettings = {
				ASSETCATALOG_COMPILER_APPICON_NAME = AppIcon;
				ASSETCATALOG_COMPILER_GLOBAL_ACCENT_COLOR_NAME = AccentColor;
				CODE_SIGN_STYLE = Automatic;
				CURRENT_PROJECT_VERSION = 1;
				DEVELOPMENT_ASSET_PATHS = "\"SwiftUITemplate/Preview Content\"";
				DEVELOPMENT_TEAM = 67TNJ4S88P;
				ENABLE_PREVIEWS = YES;
				GENERATE_INFOPLIST_FILE = YES;
				INFOPLIST_FILE = SwiftUITemplate/Info.plist;
				INFOPLIST_KEY_UIApplicationSceneManifest_Generation = YES;
				INFOPLIST_KEY_UIApplicationSupportsIndirectInputEvents = YES;
				INFOPLIST_KEY_UILaunchScreen_Generation = YES;
				INFOPLIST_KEY_UISupportedInterfaceOrientations_iPad = "UIInterfaceOrientationPortrait UIInterfaceOrientationPortraitUpsideDown UIInterfaceOrientationLandscapeLeft UIInterfaceOrientationLandscapeRight";
				INFOPLIST_KEY_UISupportedInterfaceOrientations_iPhone = "UIInterfaceOrientationPortrait UIInterfaceOrientationLandscapeLeft UIInterfaceOrientationLandscapeRight";
				LD_RUNPATH_SEARCH_PATHS = (
					"$(inherited)",
					"@executable_path/Frameworks",
				);
				MARKETING_VERSION = 1.0;
				PRODUCT_BUNDLE_IDENTIFIER = com.vsevolod19860507.SwiftUITemplate;
				PRODUCT_NAME = "$(TARGET_NAME)";
				SWIFT_EMIT_LOC_STRINGS = YES;
				SWIFT_VERSION = 5.0;
				TARGETED_DEVICE_FAMILY = "1,2";
			};
			name = Release;
		};
/* End XCBuildConfiguration section */

/* Begin XCConfigurationList section */
		72FA6C9029D81EB800747FEF /* Build configuration list for PBXProject "SwiftUITemplate" */ = {
			isa = XCConfigurationList;
			buildConfigurations = (
				72FA6CA129D81EB800747FEF /* Debug */,
				72FA6CA229D81EB800747FEF /* Release */,
			);
			defaultConfigurationIsVisible = 0;
			defaultConfigurationName = Release;
		};
		72FA6CA329D81EB800747FEF /* Build configuration list for PBXNativeTarget "SwiftUITemplate" */ = {
			isa = XCConfigurationList;
			buildConfigurations = (
				72FA6CA429D81EB800747FEF /* Debug */,
				72FA6CA529D81EB800747FEF /* Release */,
			);
			defaultConfigurationIsVisible = 0;
			defaultConfigurationName = Release;
		};
/* End XCConfigurationList section */

/* Begin XCRemoteSwiftPackageReference section */
		72F7C63629D8B17F00E2E07E /* XCRemoteSwiftPackageReference "CustomFont" */ = {
			isa = XCRemoteSwiftPackageReference;
			repositoryURL = "https://github.com/vsevolod19860507/CustomFont";
			requirement = {
				kind = upToNextMajorVersion;
				minimumVersion = 1.0.0;
			};
		};
/* End XCRemoteSwiftPackageReference section */

/* Begin XCSwiftPackageProductDependency section */
		72F7C63729D8B17F00E2E07E /* CustomFont */ = {
			isa = XCSwiftPackageProductDependency;
			package = 72F7C63629D8B17F00E2E07E /* XCRemoteSwiftPackageReference "CustomFont" */;
			productName = CustomFont;
		};
/* End XCSwiftPackageProductDependency section */
	};
	rootObject = 72FA6C8D29D81EB800747FEF /* Project object */;
}
