{
  "pins" : [
    {
      "identity" : "customfont",
      "kind" : "remoteSourceControl",
      "location" : "https://github.com/vsevolod19860507/CustomFont",
      "state" : {
        "revision" : "37aae38e27e7eaba847c152a8ddf9f892203b602",
        "version" : "3.0.0"
      }
    }
  ],
  "version" : 2
}
