{
  "pins" : [
    {
      "identity" : "customfont",
      "kind" : "remoteSourceControl",
      "location" : "https://github.com/vsevolod19860507/CustomFont",
      "state" : {
        "revision" : "fe6f10a03451813e0f278c62eb31f71ca6883926",
        "version" : "1.3.1"
      }
    }
  ],
  "version" : 2
}
